// !$*UTF8*$!
{
	archiveVersion = 1;
	classes = {
	};
	objectVersion = 50;
	objects = {

/* Begin PBXBuildFile section */
		CD3B04E6253C0AD700A63E65 /* AppDelegate.swift in Sources */ = {isa = PBXBuildFile; fileRef = CD3B04E5253C0AD700A63E65 /* AppDelegate.swift */; };
		CD3B04E8253C0AD700A63E65 /* SceneDelegate.swift in Sources */ = {isa = PBXBuildFile; fileRef = CD3B04E7253C0AD700A63E65 /* SceneDelegate.swift */; };
		CD3B04EA253C0AD700A63E65 /* ViewController.swift in Sources */ = {isa = PBXBuildFile; fileRef = CD3B04E9253C0AD700A63E65 /* ViewController.swift */; };
		CD3B04ED253C0AD700A63E65 /* Main.storyboard in Resources */ = {isa = PBXBuildFile; fileRef = CD3B04EB253C0AD700A63E65 /* Main.storyboard */; };
		CD3B04EF253C0AD900A63E65 /* Assets.xcassets in Resources */ = {isa = PBXBuildFile; fileRef = CD3B04EE253C0AD900A63E65 /* Assets.xcassets */; };
		CD3B04F2253C0AD900A63E65 /* LaunchScreen.storyboard in Resources */ = {isa = PBXBuildFile; fileRef = CD3B04F0253C0AD900A63E65 /* LaunchScreen.storyboard */; };
/* End PBXBuildFile section */

/* Begin PBXFileReference section */
		CD3B04E2253C0AD700A63E65 /* AdvertiserApp.app */ = {isa = PBXFileReference; explicitFileType = wrapper.application; includeInIndex = 0; path = AdvertiserApp.app; sourceTree = BUILT_PRODUCTS_DIR; };
		CD3B04E5253C0AD700A63E65 /* AppDelegate.swift */ = {isa = PBXFileReference; lastKnownFileType = sourcecode.swift; path = AppDelegate.swift; sourceTree = "<group>"; };
		CD3B04E7253C0AD700A63E65 /* SceneDelegate.swift */ = {isa = PBXFileReference; lastKnownFileType = sourcecode.swift; path = SceneDelegate.swift; sourceTree = "<group>"; };
		CD3B04E9253C0AD700A63E65 /* ViewController.swift */ = {isa = PBXFileReference; lastKnownFileType = sourcecode.swift; path = ViewController.swift; sourceTree = "<group>"; };
		CD3B04EC253C0AD700A63E65 /* Base */ = {isa = PBXFileReference; lastKnownFileType = file.storyboard; name = Base; path = Base.lproj/Main.storyboard; sourceTree = "<group>"; };
		CD3B04EE253C0AD900A63E65 /* Assets.xcassets */ = {isa = PBXFileReference; lastKnownFileType = folder.assetcatalog; path = Assets.xcassets; sourceTree = "<group>"; };
		CD3B04F1253C0AD900A63E65 /* Base */ = {isa = PBXFileReference; lastKnownFileType = file.storyboard; name = Base; path = Base.lproj/LaunchScreen.storyboard; sourceTree = "<group>"; };
		CD3B04F3253C0AD900A63E65 /* Info.plist */ = {isa = PBXFileReference; lastKnownFileType = text.plist.xml; path = Info.plist; sourceTree = "<group>"; };
/* End PBXFileReference section */

/* Begin PBXFrameworksBuildPhase section */
		CD3B04DF253C0AD700A63E65 /* Frameworks */ = {
			isa = PBXFrameworksBuildPhase;
			buildActionMask = 2147483647;
			files = (
			);
			runOnlyForDeploymentPostprocessing = 0;
		};
/* End PBXFrameworksBuildPhase section */

/* Begin PBXGroup section */
		CD3B04D9253C0AD700A63E65 = {
			isa = PBXGroup;
			children = (
				CD3B04E4253C0AD700A63E65 /* AdvertiserApp */,
				CD3B04E3253C0AD700A63E65 /* Products */,
			);
			sourceTree = "<group>";
		};
		CD3B04E3253C0AD700A63E65 /* Products */ = {
			isa = PBXGroup;
			children = (
				CD3B04E2253C0AD700A63E65 /* AdvertiserApp.app */,
			);
			name = Products;
			sourceTree = "<group>";
		};
		CD3B04E4253C0AD700A63E65 /* AdvertiserApp */ = {
			isa = PBXGroup;
			children = (
				CD3B04E5253C0AD700A63E65 /* AppDelegate.swift */,
				CD3B04E7253C0AD700A63E65 /* SceneDelegate.swift */,
				CD3B04E9253C0AD700A63E65 /* ViewController.swift */,
				CD3B04EB253C0AD700A63E65 /* Main.storyboard */,
				CD3B04EE253C0AD900A63E65 /* Assets.xcassets */,
				CD3B04F0253C0AD900A63E65 /* LaunchScreen.storyboard */,
				CD3B04F3253C0AD900A63E65 /* Info.plist */,
			);
			path = AdvertiserApp;
			sourceTree = "<group>";
		};
/* End PBXGroup section */

/* Begin PBXNativeTarget section */
		CD3B04E1253C0AD700A63E65 /* AdvertiserApp */ = {
			isa = PBXNativeTarget;
			buildConfigurationList = CD3B04F6253C0AD900A63E65 /* Build configuration list for PBXNativeTarget "AdvertiserApp" */;
			buildPhases = (
				CD3B04DE253C0AD700A63E65 /* Sources */,
				CD3B04DF253C0AD700A63E65 /* Frameworks */,
				CD3B04E0253C0AD700A63E65 /* Resources */,
			);
			buildRules = (
			);
			dependencies = (
			);
			name = AdvertiserApp;
			productName = AdvertiserApp;
			productReference = CD3B04E2253C0AD700A63E65 /* AdvertiserApp.app */;
			productType = "com.apple.product-type.application";
		};
/* End PBXNativeTarget section */

/* Begin PBXProject section */
		CD3B04DA253C0AD700A63E65 /* Project object */ = {
			isa = PBXProject;
			attributes = {
				LastSwiftUpdateCheck = 1200;
				LastUpgradeCheck = 1200;
				TargetAttributes = {
					CD3B04E1253C0AD700A63E65 = {
						CreatedOnToolsVersion = 12.0;
					};
				};
			};
			buildConfigurationList = CD3B04DD253C0AD700A63E65 /* Build configuration list for PBXProject "AdvertiserApp" */;
			compatibilityVersion = "Xcode 9.3";
			developmentRegion = en;
			hasScannedForEncodings = 0;
			knownRegions = (
				en,
				Base,
			);
			mainGroup = CD3B04D9253C0AD700A63E65;
			productRefGroup = CD3B04E3253C0AD700A63E65 /* Products */;
			projectDirPath = "";
			projectRoot = "";
			targets = (
				CD3B04E1253C0AD700A63E65 /* AdvertiserApp */,
			);
		};
/* End PBXProject section */

/* Begin PBXResourcesBuildPhase section */
		CD3B04E0253C0AD700A63E65 /* Resources */ = {
			isa = PBXResourcesBuildPhase;
			buildActionMask = 2147483647;
			files = (
				CD3B04F2253C0AD900A63E65 /* LaunchScreen.storyboard in Resources */,
				CD3B04EF253C0AD900A63E65 /* Assets.xcassets in Resources */,
				CD3B04ED253C0AD700A63E65 /* Main.storyboard in Resources */,
			);
			runOnlyForDeploymentPostprocessing = 0;
		};
/* End PBXResourcesBuildPhase section */

/* Begin PBXSourcesBuildPhase section */
		CD3B04DE253C0AD700A63E65 /* Sources */ = {
			isa = PBXSourcesBuildPhase;
			buildActionMask = 2147483647;
			files = (
				CD3B04EA253C0AD700A63E65 /* ViewController.swift in Sources */,
				CD3B04E6253C0AD700A63E65 /* AppDelegate.swift in Sources */,
				CD3B04E8253C0AD700A63E65 /* SceneDelegate.swift in Sources */,
			);
			runOnlyForDeploymentPostprocessing = 0;
		};
/* End PBXSourcesBuildPhase section */

/* Begin PBXVariantGroup section */
		CD3B04EB253C0AD700A63E65 /* Main.storyboard */ = {
			isa = PBXVariantGroup;
			children = (
				CD3B04EC253C0AD700A63E65 /* Base */,
			);
			name = Main.storyboard;
			sourceTree = "<group>";
		};
		CD3B04F0253C0AD900A63E65 /* LaunchScreen.storyboard */ = {
			isa = PBXVariantGroup;
			children = (
				CD3B04F1253C0AD900A63E65 /* Base */,
			);
			name = LaunchScreen.storyboard;
			sourceTree = "<group>";
		};
/* End PBXVariantGroup section */

/* Begin XCBuildConfiguration section */
		CD3B04F4253C0AD900A63E65 /* Debug */ = {
			isa = XCBuildConfiguration;
			buildSettings = {
				ALWAYS_SEARCH_USER_PATHS = NO;
				CLANG_ANALYZER_NONNULL = YES;
				CLANG_ANALYZER_NUMBER_OBJECT_CONVERSION = YES_AGGRESSIVE;
				CLANG_CXX_LANGUAGE_STANDARD = "gnu++14";
				CLANG_CXX_LIBRARY = "libc++";
				CLANG_ENABLE_MODULES = YES;
				CLANG_ENABLE_OBJC_ARC = YES;
				CLANG_ENABLE_OBJC_WEAK = YES;
				CLANG_WARN_BLOCK_CAPTURE_AUTORELEASING = YES;
				CLANG_WARN_BOOL_CONVERSION = YES;
				CLANG_WARN_COMMA = YES;
				CLANG_WARN_CONSTANT_CONVERSION = YES;
				CLANG_WARN_DEPRECATED_OBJC_IMPLEMENTATIONS = YES;
				CLANG_WARN_DIRECT_OBJC_ISA_USAGE = YES_ERROR;
				CLANG_WARN_DOCUMENTATION_COMMENTS = YES;
				CLANG_WARN_EMPTY_BODY = YES;
				CLANG_WARN_ENUM_CONVERSION = YES;
				CLANG_WARN_INFINITE_RECURSION = YES;
				CLANG_WARN_INT_CONVERSION = YES;
				CLANG_WARN_NON_LITERAL_NULL_CONVERSION = YES;
				CLANG_WARN_OBJC_IMPLICIT_RETAIN_SELF = YES;
				CLANG_WARN_OBJC_LITERAL_CONVERSION = YES;
				CLANG_WARN_OBJC_ROOT_CLASS = YES_ERROR;
				CLANG_WARN_QUOTED_INCLUDE_IN_FRAMEWORK_HEADER = YES;
				CLANG_WARN_RANGE_LOOP_ANALYSIS = YES;
				CLANG_WARN_STRICT_PROTOTYPES = YES;
				CLANG_WARN_SUSPICIOUS_MOVE = YES;
				CLANG_WARN_UNGUARDED_AVAILABILITY = YES_AGGRESSIVE;
				CLANG_WARN_UNREACHABLE_CODE = YES;
				CLANG_WARN__DUPLICATE_METHOD_MATCH = YES;
				COPY_PHASE_STRIP = NO;
				DEBUG_INFORMATION_FORMAT = dwarf;
				ENABLE_STRICT_OBJC_MSGSEND = YES;
				ENABLE_TESTABILITY = YES;
				GCC_C_LANGUAGE_STANDARD = gnu11;
				GCC_DYNAMIC_NO_PIC = NO;
				GCC_NO_COMMON_BLOCKS = YES;
				GCC_OPTIMIZATION_LEVEL = 0;
				GCC_PREPROCESSOR_DEFINITIONS = (
					"DEBUG=1",
					"$(inherited)",
				);
				GCC_WARN_64_TO_32_BIT_CONVERSION = YES;
				GCC_WARN_ABOUT_RETURN_TYPE = YES_ERROR;
				GCC_WARN_UNDECLARED_SELECTOR = YES;
				GCC_WARN_UNINITIALIZED_AUTOS = YES_AGGRESSIVE;
				GCC_WARN_UNUSED_FUNCTION = YES;
				GCC_WARN_UNUSED_VARIABLE = YES;
				IPHONEOS_DEPLOYMENT_TARGET = 14.0;
				MTL_ENABLE_DEBUG_INFO = INCLUDE_SOURCE;
				MTL_FAST_MATH = YES;
				ONLY_ACTIVE_ARCH = YES;
				SDKROOT = iphoneos;
				SWIFT_ACTIVE_COMPILATION_CONDITIONS = DEBUG;
				SWIFT_OPTIMIZATION_LEVEL = "-Onone";
			};
			name = Debug;
		};
		CD3B04F5253C0AD900A63E65 /* Release */ = {
			isa = XCBuildConfiguration;
			buildSettings = {
				ALWAYS_SEARCH_USER_PATHS = NO;
				CLANG_ANALYZER_NONNULL = YES;
				CLANG_ANALYZER_NUMBER_OBJECT_CONVERSION = YES_AGGRESSIVE;
				CLANG_CXX_LANGUAGE_STANDARD = "gnu++14";
				CLANG_CXX_LIBRARY = "libc++";
				CLANG_ENABLE_MODULES = YES;
				CLANG_ENABLE_OBJC_ARC = YES;
				CLANG_ENABLE_OBJC_WEAK = YES;
				CLANG_WARN_BLOCK_CAPTURE_AUTORELEASING = YES;
				CLANG_WARN_BOOL_CONVERSION = YES;
				CLANG_WARN_COMMA = YES;
				CLANG_WARN_CONSTANT_CONVERSION = YES;
				CLANG_WARN_DEPRECATED_OBJC_IMPLEMENTATIONS = YES;
				CLANG_WARN_DIRECT_OBJC_ISA_USAGE = YES_ERROR;
				CLANG_WARN_DOCUMENTATION_COMMENTS = YES;
				CLANG_WARN_EMPTY_BODY = YES;
				CLANG_WARN_ENUM_CONVERSION = YES;
				CLANG_WARN_INFINITE_RECURSION = YES;
				CLANG_WARN_INT_CONVERSION = YES;
				CLANG_WARN_NON_LITERAL_NULL_CONVERSION = YES;
				CLANG_WARN_OBJC_IMPLICIT_RETAIN_SELF = YES;
				CLANG_WARN_OBJC_LITERAL_CONVERSION = YES;
				CLANG_WARN_OBJC_ROOT_CLASS = YES_ERROR;
				CLANG_WARN_QUOTED_INCLUDE_IN_FRAMEWORK_HEADER = YES;
				CLANG_WARN_RANGE_LOOP_ANALYSIS = YES;
				CLANG_WARN_STRICT_PROTOTYPES = YES;
				CLANG_WARN_SUSPICIOUS_MOVE = YES;
				CLANG_WARN_UNGUARDED_AVAILABILITY = YES_AGGRESSIVE;
				CLANG_WARN_UNREACHABLE_CODE = YES;
				CLANG_WARN__DUPLICATE_METHOD_MATCH = YES;
				COPY_PHASE_STRIP = NO;
				DEBUG_INFORMATION_FORMAT = "dwarf-with-dsym";
				ENABLE_NS_ASSERTIONS = NO;
				ENABLE_STRICT_OBJC_MSGSEND = YES;
				GCC_C_LANGUAGE_STANDARD = gnu11;
				GCC_NO_COMMON_BLOCKS = YES;
				GCC_WARN_64_TO_32_BIT_CONVERSION = YES;
				GCC_WARN_ABOUT_RETURN_TYPE = YES_ERROR;
				GCC_WARN_UNDECLARED_SELECTOR = YES;
				GCC_WARN_UNINITIALIZED_AUTOS = YES_AGGRESSIVE;
				GCC_WARN_UNUSED_FUNCTION = YES;
				GCC_WARN_UNUSED_VARIABLE = YES;
				IPHONEOS_DEPLOYMENT_TARGET = 14.0;
				MTL_ENABLE_DEBUG_INFO = NO;
				MTL_FAST_MATH = YES;
				SDKROOT = iphoneos;
				SWIFT_COMPILATION_MODE = wholemodule;
				SWIFT_OPTIMIZATION_LEVEL = "-O";
				VALIDATE_PRODUCT = YES;
			};
			name = Release;
		};
		CD3B04F7253C0AD900A63E65 /* Debug */ = {
			isa = XCBuildConfiguration;
			buildSettings = {
				ASSETCATALOG_COMPILER_APPICON_NAME = AppIcon;
				ASSETCATALOG_COMPILER_GLOBAL_ACCENT_COLOR_NAME = AccentColor;
				CODE_SIGN_STYLE = Automatic;
				INFOPLIST_FILE = AdvertiserApp/Info.plist;
				LD_RUNPATH_SEARCH_PATHS = (
					"$(inherited)",
					"@executable_path/Frameworks",
				);
				PRODUCT_BUNDLE_IDENTIFIER = com.pubmatic.advertiser.AdvertiserApp;
				PRODUCT_NAME = "$(TARGET_NAME)";
				SWIFT_VERSION = 5.0;
				TARGETED_DEVICE_FAMILY = "1,2";
			};
			name = Debug;
		};
		CD3B04F8253C0AD900A63E65 /* Release */ = {
			isa = XCBuildConfiguration;
			buildSettings = {
				ASSETCATALOG_COMPILER_APPICON_NAME = AppIcon;
				ASSETCATALOG_COMPILER_GLOBAL_ACCENT_COLOR_NAME = AccentColor;
				CODE_SIGN_STYLE = Automatic;
				INFOPLIST_FILE = AdvertiserApp/Info.plist;
				LD_RUNPATH_SEARCH_PATHS = (
					"$(inherited)",
					"@executable_path/Frameworks",
				);
				PRODUCT_BUNDLE_IDENTIFIER = com.pubmatic.advertiser.AdvertiserApp;
				PRODUCT_NAME = "$(TARGET_NAME)";
				SWIFT_VERSION = 5.0;
				TARGETED_DEVICE_FAMILY = "1,2";
			};
			name = Release;
		};
/* End XCBuildConfiguration section */

/* Begin XCConfigurationList section */
		CD3B04DD253C0AD700A63E65 /* Build configuration list for PBXProject "AdvertiserApp" */ = {
			isa = XCConfigurationList;
			buildConfigurations = (
				CD3B04F4253C0AD900A63E65 /* Debug */,
				CD3B04F5253C0AD900A63E65 /* Release */,
			);
			defaultConfigurationIsVisible = 0;
			defaultConfigurationName = Release;
		};
		CD3B04F6253C0AD900A63E65 /* Build configuration list for PBXNativeTarget "AdvertiserApp" */ = {
			isa = XCConfigurationList;
			buildConfigurations = (
				CD3B04F7253C0AD900A63E65 /* Debug */,
				CD3B04F8253C0AD900A63E65 /* Release */,
			);
			defaultConfigurationIsVisible = 0;
			defaultConfigurationName = Release;
		};
/* End XCConfigurationList section */
	};
	rootObject = CD3B04DA253C0AD700A63E65 /* Project object */;
}
